// !$*UTF8*$!
{
	archiveVersion = 1;
	classes = {
	};
	objectVersion = 50;
	objects = {

/* Begin PBXBuildFile section */
<<<<<<< HEAD
		090D8F012630783800CA655A /* AppDelegate.m in Sources */ = {isa = PBXBuildFile; fileRef = 090D8F002630783800CA655A /* AppDelegate.m */; };
		090D8F042630783800CA655A /* SceneDelegate.m in Sources */ = {isa = PBXBuildFile; fileRef = 090D8F032630783800CA655A /* SceneDelegate.m */; };
		090D8F072630783800CA655A /* ViewController.m in Sources */ = {isa = PBXBuildFile; fileRef = 090D8F062630783800CA655A /* ViewController.m */; };
		090D8F0A2630783800CA655A /* Main.storyboard in Resources */ = {isa = PBXBuildFile; fileRef = 090D8F082630783800CA655A /* Main.storyboard */; };
		090D8F0C2630783900CA655A /* Assets.xcassets in Resources */ = {isa = PBXBuildFile; fileRef = 090D8F0B2630783900CA655A /* Assets.xcassets */; };
		090D8F0F2630783900CA655A /* LaunchScreen.storyboard in Resources */ = {isa = PBXBuildFile; fileRef = 090D8F0D2630783900CA655A /* LaunchScreen.storyboard */; };
		090D8F122630783900CA655A /* main.m in Sources */ = {isa = PBXBuildFile; fileRef = 090D8F112630783900CA655A /* main.m */; };
/* End PBXBuildFile section */

/* Begin PBXFileReference section */
		090D8EFC2630783800CA655A /* HashDemo.app */ = {isa = PBXFileReference; explicitFileType = wrapper.application; includeInIndex = 0; path = HashDemo.app; sourceTree = BUILT_PRODUCTS_DIR; };
		090D8EFF2630783800CA655A /* AppDelegate.h */ = {isa = PBXFileReference; lastKnownFileType = sourcecode.c.h; path = AppDelegate.h; sourceTree = "<group>"; };
		090D8F002630783800CA655A /* AppDelegate.m */ = {isa = PBXFileReference; lastKnownFileType = sourcecode.c.objc; path = AppDelegate.m; sourceTree = "<group>"; };
		090D8F022630783800CA655A /* SceneDelegate.h */ = {isa = PBXFileReference; lastKnownFileType = sourcecode.c.h; path = SceneDelegate.h; sourceTree = "<group>"; };
		090D8F032630783800CA655A /* SceneDelegate.m */ = {isa = PBXFileReference; lastKnownFileType = sourcecode.c.objc; path = SceneDelegate.m; sourceTree = "<group>"; };
		090D8F052630783800CA655A /* ViewController.h */ = {isa = PBXFileReference; lastKnownFileType = sourcecode.c.h; path = ViewController.h; sourceTree = "<group>"; };
		090D8F062630783800CA655A /* ViewController.m */ = {isa = PBXFileReference; lastKnownFileType = sourcecode.c.objc; path = ViewController.m; sourceTree = "<group>"; };
		090D8F092630783800CA655A /* Base */ = {isa = PBXFileReference; lastKnownFileType = file.storyboard; name = Base; path = Base.lproj/Main.storyboard; sourceTree = "<group>"; };
		090D8F0B2630783900CA655A /* Assets.xcassets */ = {isa = PBXFileReference; lastKnownFileType = folder.assetcatalog; path = Assets.xcassets; sourceTree = "<group>"; };
		090D8F0E2630783900CA655A /* Base */ = {isa = PBXFileReference; lastKnownFileType = file.storyboard; name = Base; path = Base.lproj/LaunchScreen.storyboard; sourceTree = "<group>"; };
		090D8F102630783900CA655A /* Info.plist */ = {isa = PBXFileReference; lastKnownFileType = text.plist.xml; path = Info.plist; sourceTree = "<group>"; };
		090D8F112630783900CA655A /* main.m */ = {isa = PBXFileReference; lastKnownFileType = sourcecode.c.objc; path = main.m; sourceTree = "<group>"; };
/* End PBXFileReference section */

/* Begin PBXFrameworksBuildPhase section */
		090D8EF92630783800CA655A /* Frameworks */ = {
=======
		52CF7C20263029D90026C760 /* AppDelegate.m in Sources */ = {isa = PBXBuildFile; fileRef = 52CF7C1F263029D90026C760 /* AppDelegate.m */; };
		52CF7C23263029D90026C760 /* SceneDelegate.m in Sources */ = {isa = PBXBuildFile; fileRef = 52CF7C22263029D90026C760 /* SceneDelegate.m */; };
		52CF7C26263029D90026C760 /* ViewController.m in Sources */ = {isa = PBXBuildFile; fileRef = 52CF7C25263029D90026C760 /* ViewController.m */; };
		52CF7C29263029D90026C760 /* Main.storyboard in Resources */ = {isa = PBXBuildFile; fileRef = 52CF7C27263029D90026C760 /* Main.storyboard */; };
		52CF7C2B263029DA0026C760 /* Assets.xcassets in Resources */ = {isa = PBXBuildFile; fileRef = 52CF7C2A263029DA0026C760 /* Assets.xcassets */; };
		52CF7C2E263029DA0026C760 /* LaunchScreen.storyboard in Resources */ = {isa = PBXBuildFile; fileRef = 52CF7C2C263029DA0026C760 /* LaunchScreen.storyboard */; };
		52CF7C31263029DA0026C760 /* main.m in Sources */ = {isa = PBXBuildFile; fileRef = 52CF7C30263029DA0026C760 /* main.m */; };
		52CF7C3B26302A210026C760 /* NSString+Hash.m in Sources */ = {isa = PBXBuildFile; fileRef = 52CF7C3A26302A210026C760 /* NSString+Hash.m */; };
/* End PBXBuildFile section */

/* Begin PBXFileReference section */
		52CF7C1B263029D90026C760 /* HashDemo.app */ = {isa = PBXFileReference; explicitFileType = wrapper.application; includeInIndex = 0; path = HashDemo.app; sourceTree = BUILT_PRODUCTS_DIR; };
		52CF7C1E263029D90026C760 /* AppDelegate.h */ = {isa = PBXFileReference; lastKnownFileType = sourcecode.c.h; path = AppDelegate.h; sourceTree = "<group>"; };
		52CF7C1F263029D90026C760 /* AppDelegate.m */ = {isa = PBXFileReference; lastKnownFileType = sourcecode.c.objc; path = AppDelegate.m; sourceTree = "<group>"; };
		52CF7C21263029D90026C760 /* SceneDelegate.h */ = {isa = PBXFileReference; lastKnownFileType = sourcecode.c.h; path = SceneDelegate.h; sourceTree = "<group>"; };
		52CF7C22263029D90026C760 /* SceneDelegate.m */ = {isa = PBXFileReference; lastKnownFileType = sourcecode.c.objc; path = SceneDelegate.m; sourceTree = "<group>"; };
		52CF7C24263029D90026C760 /* ViewController.h */ = {isa = PBXFileReference; lastKnownFileType = sourcecode.c.h; path = ViewController.h; sourceTree = "<group>"; };
		52CF7C25263029D90026C760 /* ViewController.m */ = {isa = PBXFileReference; lastKnownFileType = sourcecode.c.objc; path = ViewController.m; sourceTree = "<group>"; };
		52CF7C28263029D90026C760 /* Base */ = {isa = PBXFileReference; lastKnownFileType = file.storyboard; name = Base; path = Base.lproj/Main.storyboard; sourceTree = "<group>"; };
		52CF7C2A263029DA0026C760 /* Assets.xcassets */ = {isa = PBXFileReference; lastKnownFileType = folder.assetcatalog; path = Assets.xcassets; sourceTree = "<group>"; };
		52CF7C2D263029DA0026C760 /* Base */ = {isa = PBXFileReference; lastKnownFileType = file.storyboard; name = Base; path = Base.lproj/LaunchScreen.storyboard; sourceTree = "<group>"; };
		52CF7C2F263029DA0026C760 /* Info.plist */ = {isa = PBXFileReference; lastKnownFileType = text.plist.xml; path = Info.plist; sourceTree = "<group>"; };
		52CF7C30263029DA0026C760 /* main.m */ = {isa = PBXFileReference; lastKnownFileType = sourcecode.c.objc; path = main.m; sourceTree = "<group>"; };
		52CF7C3926302A210026C760 /* NSString+Hash.h */ = {isa = PBXFileReference; lastKnownFileType = sourcecode.c.h; path = "NSString+Hash.h"; sourceTree = "<group>"; };
		52CF7C3A26302A210026C760 /* NSString+Hash.m */ = {isa = PBXFileReference; lastKnownFileType = sourcecode.c.objc; path = "NSString+Hash.m"; sourceTree = "<group>"; };
/* End PBXFileReference section */

/* Begin PBXFrameworksBuildPhase section */
		52CF7C18263029D90026C760 /* Frameworks */ = {
>>>>>>> 5850f3240cef0e081e0e94e7459f66be5f30e8b8
			isa = PBXFrameworksBuildPhase;
			buildActionMask = 2147483647;
			files = (
			);
			runOnlyForDeploymentPostprocessing = 0;
		};
/* End PBXFrameworksBuildPhase section */

/* Begin PBXGroup section */
<<<<<<< HEAD
		090D8EF32630783800CA655A = {
			isa = PBXGroup;
			children = (
				090D8EFE2630783800CA655A /* HashDemo */,
				090D8EFD2630783800CA655A /* Products */,
			);
			sourceTree = "<group>";
		};
		090D8EFD2630783800CA655A /* Products */ = {
			isa = PBXGroup;
			children = (
				090D8EFC2630783800CA655A /* HashDemo.app */,
=======
		52CF7C12263029D80026C760 = {
			isa = PBXGroup;
			children = (
				52CF7C1D263029D90026C760 /* HashDemo */,
				52CF7C1C263029D90026C760 /* Products */,
			);
			sourceTree = "<group>";
		};
		52CF7C1C263029D90026C760 /* Products */ = {
			isa = PBXGroup;
			children = (
				52CF7C1B263029D90026C760 /* HashDemo.app */,
>>>>>>> 5850f3240cef0e081e0e94e7459f66be5f30e8b8
			);
			name = Products;
			sourceTree = "<group>";
		};
<<<<<<< HEAD
		090D8EFE2630783800CA655A /* HashDemo */ = {
			isa = PBXGroup;
			children = (
				090D8EFF2630783800CA655A /* AppDelegate.h */,
				090D8F002630783800CA655A /* AppDelegate.m */,
				090D8F022630783800CA655A /* SceneDelegate.h */,
				090D8F032630783800CA655A /* SceneDelegate.m */,
				090D8F052630783800CA655A /* ViewController.h */,
				090D8F062630783800CA655A /* ViewController.m */,
				090D8F082630783800CA655A /* Main.storyboard */,
				090D8F0B2630783900CA655A /* Assets.xcassets */,
				090D8F0D2630783900CA655A /* LaunchScreen.storyboard */,
				090D8F102630783900CA655A /* Info.plist */,
				090D8F112630783900CA655A /* main.m */,
=======
		52CF7C1D263029D90026C760 /* HashDemo */ = {
			isa = PBXGroup;
			children = (
				52CF7C1E263029D90026C760 /* AppDelegate.h */,
				52CF7C1F263029D90026C760 /* AppDelegate.m */,
				52CF7C21263029D90026C760 /* SceneDelegate.h */,
				52CF7C22263029D90026C760 /* SceneDelegate.m */,
				52CF7C24263029D90026C760 /* ViewController.h */,
				52CF7C25263029D90026C760 /* ViewController.m */,
				52CF7C27263029D90026C760 /* Main.storyboard */,
				52CF7C2A263029DA0026C760 /* Assets.xcassets */,
				52CF7C2C263029DA0026C760 /* LaunchScreen.storyboard */,
				52CF7C2F263029DA0026C760 /* Info.plist */,
				52CF7C30263029DA0026C760 /* main.m */,
				52CF7C3926302A210026C760 /* NSString+Hash.h */,
				52CF7C3A26302A210026C760 /* NSString+Hash.m */,
>>>>>>> 5850f3240cef0e081e0e94e7459f66be5f30e8b8
			);
			path = HashDemo;
			sourceTree = "<group>";
		};
/* End PBXGroup section */

/* Begin PBXNativeTarget section */
<<<<<<< HEAD
		090D8EFB2630783800CA655A /* HashDemo */ = {
			isa = PBXNativeTarget;
			buildConfigurationList = 090D8F152630783900CA655A /* Build configuration list for PBXNativeTarget "HashDemo" */;
			buildPhases = (
				090D8EF82630783800CA655A /* Sources */,
				090D8EF92630783800CA655A /* Frameworks */,
				090D8EFA2630783800CA655A /* Resources */,
=======
		52CF7C1A263029D90026C760 /* HashDemo */ = {
			isa = PBXNativeTarget;
			buildConfigurationList = 52CF7C34263029DA0026C760 /* Build configuration list for PBXNativeTarget "HashDemo" */;
			buildPhases = (
				52CF7C17263029D90026C760 /* Sources */,
				52CF7C18263029D90026C760 /* Frameworks */,
				52CF7C19263029D90026C760 /* Resources */,
>>>>>>> 5850f3240cef0e081e0e94e7459f66be5f30e8b8
			);
			buildRules = (
			);
			dependencies = (
			);
			name = HashDemo;
			productName = HashDemo;
<<<<<<< HEAD
			productReference = 090D8EFC2630783800CA655A /* HashDemo.app */;
=======
			productReference = 52CF7C1B263029D90026C760 /* HashDemo.app */;
>>>>>>> 5850f3240cef0e081e0e94e7459f66be5f30e8b8
			productType = "com.apple.product-type.application";
		};
/* End PBXNativeTarget section */

/* Begin PBXProject section */
<<<<<<< HEAD
		090D8EF42630783800CA655A /* Project object */ = {
=======
		52CF7C13263029D80026C760 /* Project object */ = {
>>>>>>> 5850f3240cef0e081e0e94e7459f66be5f30e8b8
			isa = PBXProject;
			attributes = {
				LastUpgradeCheck = 1240;
				TargetAttributes = {
<<<<<<< HEAD
					090D8EFB2630783800CA655A = {
=======
					52CF7C1A263029D90026C760 = {
>>>>>>> 5850f3240cef0e081e0e94e7459f66be5f30e8b8
						CreatedOnToolsVersion = 12.4;
					};
				};
			};
<<<<<<< HEAD
			buildConfigurationList = 090D8EF72630783800CA655A /* Build configuration list for PBXProject "HashDemo" */;
=======
			buildConfigurationList = 52CF7C16263029D80026C760 /* Build configuration list for PBXProject "HashDemo" */;
>>>>>>> 5850f3240cef0e081e0e94e7459f66be5f30e8b8
			compatibilityVersion = "Xcode 9.3";
			developmentRegion = en;
			hasScannedForEncodings = 0;
			knownRegions = (
				en,
				Base,
			);
<<<<<<< HEAD
			mainGroup = 090D8EF32630783800CA655A;
			productRefGroup = 090D8EFD2630783800CA655A /* Products */;
			projectDirPath = "";
			projectRoot = "";
			targets = (
				090D8EFB2630783800CA655A /* HashDemo */,
=======
			mainGroup = 52CF7C12263029D80026C760;
			productRefGroup = 52CF7C1C263029D90026C760 /* Products */;
			projectDirPath = "";
			projectRoot = "";
			targets = (
				52CF7C1A263029D90026C760 /* HashDemo */,
>>>>>>> 5850f3240cef0e081e0e94e7459f66be5f30e8b8
			);
		};
/* End PBXProject section */

/* Begin PBXResourcesBuildPhase section */
<<<<<<< HEAD
		090D8EFA2630783800CA655A /* Resources */ = {
			isa = PBXResourcesBuildPhase;
			buildActionMask = 2147483647;
			files = (
				090D8F0F2630783900CA655A /* LaunchScreen.storyboard in Resources */,
				090D8F0C2630783900CA655A /* Assets.xcassets in Resources */,
				090D8F0A2630783800CA655A /* Main.storyboard in Resources */,
=======
		52CF7C19263029D90026C760 /* Resources */ = {
			isa = PBXResourcesBuildPhase;
			buildActionMask = 2147483647;
			files = (
				52CF7C2E263029DA0026C760 /* LaunchScreen.storyboard in Resources */,
				52CF7C2B263029DA0026C760 /* Assets.xcassets in Resources */,
				52CF7C29263029D90026C760 /* Main.storyboard in Resources */,
>>>>>>> 5850f3240cef0e081e0e94e7459f66be5f30e8b8
			);
			runOnlyForDeploymentPostprocessing = 0;
		};
/* End PBXResourcesBuildPhase section */

/* Begin PBXSourcesBuildPhase section */
<<<<<<< HEAD
		090D8EF82630783800CA655A /* Sources */ = {
			isa = PBXSourcesBuildPhase;
			buildActionMask = 2147483647;
			files = (
				090D8F072630783800CA655A /* ViewController.m in Sources */,
				090D8F012630783800CA655A /* AppDelegate.m in Sources */,
				090D8F122630783900CA655A /* main.m in Sources */,
				090D8F042630783800CA655A /* SceneDelegate.m in Sources */,
=======
		52CF7C17263029D90026C760 /* Sources */ = {
			isa = PBXSourcesBuildPhase;
			buildActionMask = 2147483647;
			files = (
				52CF7C26263029D90026C760 /* ViewController.m in Sources */,
				52CF7C20263029D90026C760 /* AppDelegate.m in Sources */,
				52CF7C31263029DA0026C760 /* main.m in Sources */,
				52CF7C3B26302A210026C760 /* NSString+Hash.m in Sources */,
				52CF7C23263029D90026C760 /* SceneDelegate.m in Sources */,
>>>>>>> 5850f3240cef0e081e0e94e7459f66be5f30e8b8
			);
			runOnlyForDeploymentPostprocessing = 0;
		};
/* End PBXSourcesBuildPhase section */

/* Begin PBXVariantGroup section */
<<<<<<< HEAD
		090D8F082630783800CA655A /* Main.storyboard */ = {
			isa = PBXVariantGroup;
			children = (
				090D8F092630783800CA655A /* Base */,
=======
		52CF7C27263029D90026C760 /* Main.storyboard */ = {
			isa = PBXVariantGroup;
			children = (
				52CF7C28263029D90026C760 /* Base */,
>>>>>>> 5850f3240cef0e081e0e94e7459f66be5f30e8b8
			);
			name = Main.storyboard;
			sourceTree = "<group>";
		};
<<<<<<< HEAD
		090D8F0D2630783900CA655A /* LaunchScreen.storyboard */ = {
			isa = PBXVariantGroup;
			children = (
				090D8F0E2630783900CA655A /* Base */,
=======
		52CF7C2C263029DA0026C760 /* LaunchScreen.storyboard */ = {
			isa = PBXVariantGroup;
			children = (
				52CF7C2D263029DA0026C760 /* Base */,
>>>>>>> 5850f3240cef0e081e0e94e7459f66be5f30e8b8
			);
			name = LaunchScreen.storyboard;
			sourceTree = "<group>";
		};
/* End PBXVariantGroup section */

/* Begin XCBuildConfiguration section */
<<<<<<< HEAD
		090D8F132630783900CA655A /* Debug */ = {
=======
		52CF7C32263029DA0026C760 /* Debug */ = {
>>>>>>> 5850f3240cef0e081e0e94e7459f66be5f30e8b8
			isa = XCBuildConfiguration;
			buildSettings = {
				ALWAYS_SEARCH_USER_PATHS = NO;
				CLANG_ANALYZER_NONNULL = YES;
				CLANG_ANALYZER_NUMBER_OBJECT_CONVERSION = YES_AGGRESSIVE;
				CLANG_CXX_LANGUAGE_STANDARD = "gnu++14";
				CLANG_CXX_LIBRARY = "libc++";
				CLANG_ENABLE_MODULES = YES;
				CLANG_ENABLE_OBJC_ARC = YES;
				CLANG_ENABLE_OBJC_WEAK = YES;
				CLANG_WARN_BLOCK_CAPTURE_AUTORELEASING = YES;
				CLANG_WARN_BOOL_CONVERSION = YES;
				CLANG_WARN_COMMA = YES;
				CLANG_WARN_CONSTANT_CONVERSION = YES;
				CLANG_WARN_DEPRECATED_OBJC_IMPLEMENTATIONS = YES;
				CLANG_WARN_DIRECT_OBJC_ISA_USAGE = YES_ERROR;
				CLANG_WARN_DOCUMENTATION_COMMENTS = YES;
				CLANG_WARN_EMPTY_BODY = YES;
				CLANG_WARN_ENUM_CONVERSION = YES;
				CLANG_WARN_INFINITE_RECURSION = YES;
				CLANG_WARN_INT_CONVERSION = YES;
				CLANG_WARN_NON_LITERAL_NULL_CONVERSION = YES;
				CLANG_WARN_OBJC_IMPLICIT_RETAIN_SELF = YES;
				CLANG_WARN_OBJC_LITERAL_CONVERSION = YES;
				CLANG_WARN_OBJC_ROOT_CLASS = YES_ERROR;
				CLANG_WARN_QUOTED_INCLUDE_IN_FRAMEWORK_HEADER = YES;
				CLANG_WARN_RANGE_LOOP_ANALYSIS = YES;
				CLANG_WARN_STRICT_PROTOTYPES = YES;
				CLANG_WARN_SUSPICIOUS_MOVE = YES;
				CLANG_WARN_UNGUARDED_AVAILABILITY = YES_AGGRESSIVE;
				CLANG_WARN_UNREACHABLE_CODE = YES;
				CLANG_WARN__DUPLICATE_METHOD_MATCH = YES;
				COPY_PHASE_STRIP = NO;
				DEBUG_INFORMATION_FORMAT = dwarf;
				ENABLE_STRICT_OBJC_MSGSEND = YES;
				ENABLE_TESTABILITY = YES;
				GCC_C_LANGUAGE_STANDARD = gnu11;
				GCC_DYNAMIC_NO_PIC = NO;
				GCC_NO_COMMON_BLOCKS = YES;
				GCC_OPTIMIZATION_LEVEL = 0;
				GCC_PREPROCESSOR_DEFINITIONS = (
					"DEBUG=1",
					"$(inherited)",
				);
				GCC_WARN_64_TO_32_BIT_CONVERSION = YES;
				GCC_WARN_ABOUT_RETURN_TYPE = YES_ERROR;
				GCC_WARN_UNDECLARED_SELECTOR = YES;
				GCC_WARN_UNINITIALIZED_AUTOS = YES_AGGRESSIVE;
				GCC_WARN_UNUSED_FUNCTION = YES;
				GCC_WARN_UNUSED_VARIABLE = YES;
				IPHONEOS_DEPLOYMENT_TARGET = 14.4;
				MTL_ENABLE_DEBUG_INFO = INCLUDE_SOURCE;
				MTL_FAST_MATH = YES;
				ONLY_ACTIVE_ARCH = YES;
				SDKROOT = iphoneos;
			};
			name = Debug;
		};
<<<<<<< HEAD
		090D8F142630783900CA655A /* Release */ = {
=======
		52CF7C33263029DA0026C760 /* Release */ = {
>>>>>>> 5850f3240cef0e081e0e94e7459f66be5f30e8b8
			isa = XCBuildConfiguration;
			buildSettings = {
				ALWAYS_SEARCH_USER_PATHS = NO;
				CLANG_ANALYZER_NONNULL = YES;
				CLANG_ANALYZER_NUMBER_OBJECT_CONVERSION = YES_AGGRESSIVE;
				CLANG_CXX_LANGUAGE_STANDARD = "gnu++14";
				CLANG_CXX_LIBRARY = "libc++";
				CLANG_ENABLE_MODULES = YES;
				CLANG_ENABLE_OBJC_ARC = YES;
				CLANG_ENABLE_OBJC_WEAK = YES;
				CLANG_WARN_BLOCK_CAPTURE_AUTORELEASING = YES;
				CLANG_WARN_BOOL_CONVERSION = YES;
				CLANG_WARN_COMMA = YES;
				CLANG_WARN_CONSTANT_CONVERSION = YES;
				CLANG_WARN_DEPRECATED_OBJC_IMPLEMENTATIONS = YES;
				CLANG_WARN_DIRECT_OBJC_ISA_USAGE = YES_ERROR;
				CLANG_WARN_DOCUMENTATION_COMMENTS = YES;
				CLANG_WARN_EMPTY_BODY = YES;
				CLANG_WARN_ENUM_CONVERSION = YES;
				CLANG_WARN_INFINITE_RECURSION = YES;
				CLANG_WARN_INT_CONVERSION = YES;
				CLANG_WARN_NON_LITERAL_NULL_CONVERSION = YES;
				CLANG_WARN_OBJC_IMPLICIT_RETAIN_SELF = YES;
				CLANG_WARN_OBJC_LITERAL_CONVERSION = YES;
				CLANG_WARN_OBJC_ROOT_CLASS = YES_ERROR;
				CLANG_WARN_QUOTED_INCLUDE_IN_FRAMEWORK_HEADER = YES;
				CLANG_WARN_RANGE_LOOP_ANALYSIS = YES;
				CLANG_WARN_STRICT_PROTOTYPES = YES;
				CLANG_WARN_SUSPICIOUS_MOVE = YES;
				CLANG_WARN_UNGUARDED_AVAILABILITY = YES_AGGRESSIVE;
				CLANG_WARN_UNREACHABLE_CODE = YES;
				CLANG_WARN__DUPLICATE_METHOD_MATCH = YES;
				COPY_PHASE_STRIP = NO;
				DEBUG_INFORMATION_FORMAT = "dwarf-with-dsym";
				ENABLE_NS_ASSERTIONS = NO;
				ENABLE_STRICT_OBJC_MSGSEND = YES;
				GCC_C_LANGUAGE_STANDARD = gnu11;
				GCC_NO_COMMON_BLOCKS = YES;
				GCC_WARN_64_TO_32_BIT_CONVERSION = YES;
				GCC_WARN_ABOUT_RETURN_TYPE = YES_ERROR;
				GCC_WARN_UNDECLARED_SELECTOR = YES;
				GCC_WARN_UNINITIALIZED_AUTOS = YES_AGGRESSIVE;
				GCC_WARN_UNUSED_FUNCTION = YES;
				GCC_WARN_UNUSED_VARIABLE = YES;
				IPHONEOS_DEPLOYMENT_TARGET = 14.4;
				MTL_ENABLE_DEBUG_INFO = NO;
				MTL_FAST_MATH = YES;
				SDKROOT = iphoneos;
				VALIDATE_PRODUCT = YES;
			};
			name = Release;
		};
<<<<<<< HEAD
		090D8F162630783900CA655A /* Debug */ = {
=======
		52CF7C35263029DA0026C760 /* Debug */ = {
>>>>>>> 5850f3240cef0e081e0e94e7459f66be5f30e8b8
			isa = XCBuildConfiguration;
			buildSettings = {
				ASSETCATALOG_COMPILER_APPICON_NAME = AppIcon;
				ASSETCATALOG_COMPILER_GLOBAL_ACCENT_COLOR_NAME = AccentColor;
				CODE_SIGN_STYLE = Automatic;
<<<<<<< HEAD
				DEVELOPMENT_TEAM = 28A4B65S8L;
=======
				DEVELOPMENT_TEAM = WRLK97WL4U;
>>>>>>> 5850f3240cef0e081e0e94e7459f66be5f30e8b8
				INFOPLIST_FILE = HashDemo/Info.plist;
				LD_RUNPATH_SEARCH_PATHS = (
					"$(inherited)",
					"@executable_path/Frameworks",
				);
				PRODUCT_BUNDLE_IDENTIFIER = com.hq.HashDemo;
				PRODUCT_NAME = "$(TARGET_NAME)";
				TARGETED_DEVICE_FAMILY = "1,2";
			};
			name = Debug;
		};
<<<<<<< HEAD
		090D8F172630783900CA655A /* Release */ = {
=======
		52CF7C36263029DA0026C760 /* Release */ = {
>>>>>>> 5850f3240cef0e081e0e94e7459f66be5f30e8b8
			isa = XCBuildConfiguration;
			buildSettings = {
				ASSETCATALOG_COMPILER_APPICON_NAME = AppIcon;
				ASSETCATALOG_COMPILER_GLOBAL_ACCENT_COLOR_NAME = AccentColor;
				CODE_SIGN_STYLE = Automatic;
<<<<<<< HEAD
				DEVELOPMENT_TEAM = 28A4B65S8L;
=======
				DEVELOPMENT_TEAM = WRLK97WL4U;
>>>>>>> 5850f3240cef0e081e0e94e7459f66be5f30e8b8
				INFOPLIST_FILE = HashDemo/Info.plist;
				LD_RUNPATH_SEARCH_PATHS = (
					"$(inherited)",
					"@executable_path/Frameworks",
				);
				PRODUCT_BUNDLE_IDENTIFIER = com.hq.HashDemo;
				PRODUCT_NAME = "$(TARGET_NAME)";
				TARGETED_DEVICE_FAMILY = "1,2";
			};
			name = Release;
		};
/* End XCBuildConfiguration section */

/* Begin XCConfigurationList section */
<<<<<<< HEAD
		090D8EF72630783800CA655A /* Build configuration list for PBXProject "HashDemo" */ = {
			isa = XCConfigurationList;
			buildConfigurations = (
				090D8F132630783900CA655A /* Debug */,
				090D8F142630783900CA655A /* Release */,
=======
		52CF7C16263029D80026C760 /* Build configuration list for PBXProject "HashDemo" */ = {
			isa = XCConfigurationList;
			buildConfigurations = (
				52CF7C32263029DA0026C760 /* Debug */,
				52CF7C33263029DA0026C760 /* Release */,
>>>>>>> 5850f3240cef0e081e0e94e7459f66be5f30e8b8
			);
			defaultConfigurationIsVisible = 0;
			defaultConfigurationName = Release;
		};
<<<<<<< HEAD
		090D8F152630783900CA655A /* Build configuration list for PBXNativeTarget "HashDemo" */ = {
			isa = XCConfigurationList;
			buildConfigurations = (
				090D8F162630783900CA655A /* Debug */,
				090D8F172630783900CA655A /* Release */,
=======
		52CF7C34263029DA0026C760 /* Build configuration list for PBXNativeTarget "HashDemo" */ = {
			isa = XCConfigurationList;
			buildConfigurations = (
				52CF7C35263029DA0026C760 /* Debug */,
				52CF7C36263029DA0026C760 /* Release */,
>>>>>>> 5850f3240cef0e081e0e94e7459f66be5f30e8b8
			);
			defaultConfigurationIsVisible = 0;
			defaultConfigurationName = Release;
		};
/* End XCConfigurationList section */
	};
<<<<<<< HEAD
	rootObject = 090D8EF42630783800CA655A /* Project object */;
=======
	rootObject = 52CF7C13263029D80026C760 /* Project object */;
>>>>>>> 5850f3240cef0e081e0e94e7459f66be5f30e8b8
}
